<?xml version="1.0" encoding="utf-8"?>
<Project ToolsVersion="4.0" xmlns="http://schemas.microsoft.com/developer/msbuild/2003">
  <ItemGroup>
    <Filter Include="소스 파일">
      <UniqueIdentifier>{4FC737F1-C7A5-4376-A066-2A32D752A2FF}</UniqueIdentifier>
      <Extensions>cpp;c;cc;cxx;c++;cppm;ixx;def;odl;idl;hpj;bat;asm;asmx</Extensions>
    </Filter>
    <Filter Include="헤더 파일">
      <UniqueIdentifier>{93995380-89BD-4b04-88EB-625FBE52EBFB}</UniqueIdentifier>
      <Extensions>h;hh;hpp;hxx;h++;hm;inl;inc;ipp;xsd</Extensions>
    </Filter>
    <Filter Include="리소스 파일">
      <UniqueIdentifier>{67DA6AB6-F800-4c08-8B7A-83BB121AAD01}</UniqueIdentifier>
      <Extensions>rc;ico;cur;bmp;dlg;rc2;rct;bin;rgs;gif;jpg;jpeg;jpe;resx;tiff;tif;png;wav;mfcribbon-ms</Extensions>
    </Filter>
    <Filter Include="소스 파일\Shader">
      <UniqueIdentifier>{c4f10657-0831-40dd-9ec0-f30006e41f8a}</UniqueIdentifier>
    </Filter>
    <Filter Include="헤더 파일\Component">
      <UniqueIdentifier>{2a0ba8ff-6086-4a5e-9bc7-c8285184e32f}</UniqueIdentifier>
    </Filter>
    <Filter Include="소스 파일\Component">
      <UniqueIdentifier>{9684c70a-a442-4316-9452-74845da00b00}</UniqueIdentifier>
    </Filter>
    <Filter Include="헤더 파일\Input">
      <UniqueIdentifier>{6ed7e702-a1cf-4724-bf76-357e7df488c2}</UniqueIdentifier>
    </Filter>
    <Filter Include="소스 파일\Input">
      <UniqueIdentifier>{2687b94a-67c8-4279-b240-f02a9a19afde}</UniqueIdentifier>
    </Filter>
    <Filter Include="헤더 파일\Component\Collider">
      <UniqueIdentifier>{c3d888a7-19f5-4f02-90e8-5bf835dddd68}</UniqueIdentifier>
    </Filter>
    <Filter Include="소스 파일\Component\Collider">
      <UniqueIdentifier>{ed902407-7eeb-480d-9265-8edb5b0c8c1e}</UniqueIdentifier>
    </Filter>
  </ItemGroup>
  <ItemGroup>
    <ClCompile Include="main.cpp">
      <Filter>소스 파일</Filter>
    </ClCompile>
    <ClCompile Include="pch.cpp">
      <Filter>소스 파일</Filter>
    </ClCompile>
    <ClCompile Include="D3D12App.cpp">
      <Filter>소스 파일</Filter>
    </ClCompile>
    <ClCompile Include="GameTimer.cpp">
      <Filter>소스 파일</Filter>
    </ClCompile>
    <ClCompile Include="d3dUtil.cpp">
      <Filter>소스 파일</Filter>
    </ClCompile>
    <ClCompile Include="GameObject.cpp">
      <Filter>소스 파일</Filter>
    </ClCompile>
    <ClCompile Include="Action.cpp">
      <Filter>소스 파일</Filter>
    </ClCompile>
    <ClCompile Include="Transform.cpp">
      <Filter>소스 파일\Component</Filter>
    </ClCompile>
    <ClCompile Include="Mesh.cpp">
      <Filter>소스 파일\Component</Filter>
    </ClCompile>
    <ClCompile Include="Shader.cpp">
      <Filter>소스 파일\Component</Filter>
    </ClCompile>
    <ClCompile Include="Material.cpp">
      <Filter>소스 파일\Component</Filter>
    </ClCompile>
    <ClCompile Include="Camera.cpp">
      <Filter>소스 파일</Filter>
    </ClCompile>
    <ClCompile Include="Light.cpp">
      <Filter>소스 파일</Filter>
    </ClCompile>
    <ClCompile Include="Texture.cpp">
      <Filter>소스 파일</Filter>
    </ClCompile>
    <ClCompile Include="DDSTextureLoader12.cpp">
      <Filter>소스 파일</Filter>
    </ClCompile>
    <ClCompile Include="Shadow.cpp">
      <Filter>소스 파일</Filter>
    </ClCompile>
    <ClCompile Include="Input.cpp">
      <Filter>소스 파일\Input</Filter>
    </ClCompile>
    <ClCompile Include="RigidBody.cpp">
      <Filter>소스 파일\Component</Filter>
    </ClCompile>
    <ClCompile Include="BoxCollider.cpp">
      <Filter>소스 파일\Component\Collider</Filter>
    </ClCompile>
  </ItemGroup>
  <ItemGroup>
    <ClInclude Include="pch.h">
      <Filter>헤더 파일</Filter>
    </ClInclude>
    <ClInclude Include="D3D12App.h">
      <Filter>헤더 파일</Filter>
    </ClInclude>
    <ClInclude Include="GameTimer.h">
      <Filter>헤더 파일</Filter>
    </ClInclude>
    <ClInclude Include="Vertex.h">
      <Filter>헤더 파일</Filter>
    </ClInclude>
    <ClInclude Include="UploadBuffer.h">
      <Filter>헤더 파일</Filter>
    </ClInclude>
    <ClInclude Include="d3dUtil.h">
      <Filter>헤더 파일</Filter>
    </ClInclude>
    <ClInclude Include="d3dx12.h">
      <Filter>헤더 파일</Filter>
    </ClInclude>
    <ClInclude Include="GameObject.h">
      <Filter>헤더 파일</Filter>
    </ClInclude>
    <ClInclude Include="Shader.h">
      <Filter>헤더 파일</Filter>
    </ClInclude>
    <ClInclude Include="IComponent.h">
      <Filter>헤더 파일\Component</Filter>
    </ClInclude>
    <ClInclude Include="Transform.h">
      <Filter>헤더 파일\Component</Filter>
    </ClInclude>
    <ClInclude Include="ComponentManager.h">
      <Filter>헤더 파일\Component</Filter>
    </ClInclude>
    <ClInclude Include="Material.h">
      <Filter>헤더 파일\Component</Filter>
    </ClInclude>
    <ClInclude Include="Action.h">
      <Filter>헤더 파일</Filter>
    </ClInclude>
    <ClInclude Include="Mesh.h">
      <Filter>헤더 파일\Component</Filter>
    </ClInclude>
    <ClInclude Include="Camera.h">
      <Filter>헤더 파일</Filter>
    </ClInclude>
    <ClInclude Include="Light.h">
      <Filter>헤더 파일</Filter>
    </ClInclude>
    <ClInclude Include="Texture.h">
      <Filter>헤더 파일</Filter>
    </ClInclude>
    <ClInclude Include="DDSTextureLoader12.h">
      <Filter>헤더 파일</Filter>
    </ClInclude>
    <ClInclude Include="Shadow.h">
      <Filter>헤더 파일</Filter>
    </ClInclude>
    <ClInclude Include="Input.h">
      <Filter>헤더 파일\Input</Filter>
    </ClInclude>
    <ClInclude Include="RigidBody.h">
      <Filter>헤더 파일\Component</Filter>
    </ClInclude>
    <ClInclude Include="BoxCollider.h">
      <Filter>헤더 파일\Component\Collider</Filter>
    </ClInclude>
  </ItemGroup>
  <ItemGroup>
    <FxCompile Include="Shaders\color.hlsl">
      <Filter>소스 파일\Shader</Filter>
    </FxCompile>
    <FxCompile Include="Shaders\Sky.hlsl">
      <Filter>소스 파일\Shader</Filter>
    </FxCompile>
    <FxCompile Include="Shaders\Common.hlsl">
      <Filter>소스 파일\Shader</Filter>
    </FxCompile>
    <FxCompile Include="Shaders\Screen.hlsl">
      <Filter>소스 파일\Shader</Filter>
    </FxCompile>
    <FxCompile Include="Shaders\Shadow.hlsl">
      <Filter>소스 파일\Shader</Filter>
    </FxCompile>
    <FxCompile Include="Shaders\PostProcessing.hlsl">
      <Filter>소스 파일\Shader</Filter>
    </FxCompile>
    <FxCompile Include="Shaders\DownScale.hlsl">
      <Filter>소스 파일\Shader</Filter>
    </FxCompile>
    <FxCompile Include="Shaders\Bloom.hlsl">
      <Filter>소스 파일\Shader</Filter>
    </FxCompile>
    <FxCompile Include="Shaders\HBlur.hlsl">
      <Filter>소스 파일\Shader</Filter>
    </FxCompile>
    <FxCompile Include="Shaders\UpScale.hlsl">
      <Filter>소스 파일\Shader</Filter>
    </FxCompile>
    <FxCompile Include="Shaders\VBlur.hlsl">
      <Filter>소스 파일\Shader</Filter>
    </FxCompile>
    <FxCompile Include="Shaders\SSAO.hlsl">
      <Filter>소스 파일\Shader</Filter>
    </FxCompile>
    <FxCompile Include="Shaders\VSsaoBlur.hlsl">
      <Filter>소스 파일\Shader</Filter>
    </FxCompile>
    <FxCompile Include="Shaders\HSsaoBlur.hlsl">
      <Filter>소스 파일\Shader</Filter>
    </FxCompile>
  </ItemGroup>
</Project>