<?xml version="1.0" encoding="utf-8"?>
<Project ToolsVersion="4.0" xmlns="http://schemas.microsoft.com/developer/msbuild/2003">
  <ItemGroup>
    <Filter Include="Core">
      <UniqueIdentifier>{d207d1ab-a31d-40b5-87a4-0db95b1fcc1f}</UniqueIdentifier>
    </Filter>
    <Filter Include="Resource">
      <UniqueIdentifier>{5ccf2c52-5989-463f-93bd-0f6e57d5c551}</UniqueIdentifier>
    </Filter>
    <Filter Include="Component">
      <UniqueIdentifier>{60c8bf3f-6dca-4900-811f-77311bdc453a}</UniqueIdentifier>
    </Filter>
    <Filter Include="Input">
      <UniqueIdentifier>{531fdac8-e042-4ccc-a314-bc6884a70b7b}</UniqueIdentifier>
    </Filter>
    <Filter Include="Resource\Shader">
      <UniqueIdentifier>{e109c3fa-bdcd-479b-bfaf-6530155c8728}</UniqueIdentifier>
    </Filter>
    <Filter Include="Shader">
      <UniqueIdentifier>{d44d4083-677d-40cd-b514-95bf627cb508}</UniqueIdentifier>
    </Filter>
    <Filter Include="Component\Collider">
      <UniqueIdentifier>{6f664788-542e-4452-9197-7c5529409c45}</UniqueIdentifier>
    </Filter>
  </ItemGroup>
  <ItemGroup>
    <ClCompile Include="Code\Resource\Material.cpp">
      <Filter>Resource</Filter>
    </ClCompile>
    <ClCompile Include="Code\Resource\Mesh.cpp">
      <Filter>Resource</Filter>
    </ClCompile>
    <ClCompile Include="Code\Resource\Texture.cpp">
      <Filter>Resource</Filter>
    </ClCompile>
    <ClCompile Include="Code\Resource\Shader\Shader.cpp">
      <Filter>Resource\Shader</Filter>
    </ClCompile>
    <ClCompile Include="Code\Input\Input.cpp">
      <Filter>Input</Filter>
    </ClCompile>
    <ClCompile Include="Code\Core\GameObject.cpp">
      <Filter>Core</Filter>
    </ClCompile>
    <ClCompile Include="Code\Core\GameTimer.cpp">
      <Filter>Core</Filter>
    </ClCompile>
    <ClCompile Include="Code\Core\Light.cpp">
      <Filter>Core</Filter>
    </ClCompile>
    <ClCompile Include="Code\Core\main.cpp">
      <Filter>Core</Filter>
    </ClCompile>
    <ClCompile Include="Code\Core\Shadow.cpp">
      <Filter>Core</Filter>
    </ClCompile>
    <ClCompile Include="Code\Core\Action.cpp">
      <Filter>Core</Filter>
    </ClCompile>
    <ClCompile Include="Code\Core\Camera.cpp">
      <Filter>Core</Filter>
    </ClCompile>
    <ClCompile Include="Code\Core\D3D12App.cpp">
      <Filter>Core</Filter>
    </ClCompile>
    <ClCompile Include="Code\Core\d3dUtil.cpp">
      <Filter>Core</Filter>
    </ClCompile>
    <ClCompile Include="Code\Core\DDSTextureLoader12.cpp">
      <Filter>Core</Filter>
    </ClCompile>
    <ClCompile Include="Code\Component\CameraController.cpp">
      <Filter>Component</Filter>
    </ClCompile>
    <ClCompile Include="Code\Component\MeshRenderer.cpp">
      <Filter>Component</Filter>
    </ClCompile>
    <ClCompile Include="Code\Component\PlayerController.cpp">
      <Filter>Component</Filter>
    </ClCompile>
    <ClCompile Include="Code\Component\RigidBody.cpp">
      <Filter>Component</Filter>
    </ClCompile>
    <ClCompile Include="Code\Component\Transform.cpp">
      <Filter>Component</Filter>
    </ClCompile>
    <ClCompile Include="Code\Component\Collider\TerrainMeshCollider.cpp">
      <Filter>Component\Collider</Filter>
    </ClCompile>
    <ClCompile Include="Code\Component\Collider\BoxCollider.cpp">
      <Filter>Component\Collider</Filter>
    </ClCompile>
    <ClCompile Include="Code\pch.cpp" />
    <ClCompile Include="Code\Resource\Shader\ComputeShader.cpp">
      <Filter>Resource\Shader</Filter>
    </ClCompile>
    <ClCompile Include="Code\Resource\Shader\ParticleShader.cpp">
      <Filter>Resource\Shader</Filter>
    </ClCompile>
    <ClCompile Include="Code\Resource\Shader\IShader.cpp">
      <Filter>Resource\Shader</Filter>
    </ClCompile>
    <ClCompile Include="Code\Component\ParticleGenerator.cpp">
      <Filter>Component</Filter>
    </ClCompile>
    <ClCompile Include="Code\Core\FrameResource.cpp">
      <Filter>Core</Filter>
    </ClCompile>
  </ItemGroup>
  <ItemGroup>
    <ClInclude Include="Code\Resource\Material.h">
      <Filter>Resource</Filter>
    </ClInclude>
    <ClInclude Include="Code\Resource\Mesh.h">
      <Filter>Resource</Filter>
    </ClInclude>
    <ClInclude Include="Code\Resource\Texture.h">
      <Filter>Resource</Filter>
    </ClInclude>
    <ClInclude Include="Code\Resource\Vertex.h">
      <Filter>Resource</Filter>
    </ClInclude>
    <ClInclude Include="Code\Resource\Shader\Shader.h">
      <Filter>Resource\Shader</Filter>
    </ClInclude>
    <ClInclude Include="Code\Input\Input.h">
      <Filter>Input</Filter>
    </ClInclude>
    <ClInclude Include="Code\Core\DDSTextureLoader12.h">
      <Filter>Core</Filter>
    </ClInclude>
    <ClInclude Include="Code\Core\GameObject.h">
      <Filter>Core</Filter>
    </ClInclude>
    <ClInclude Include="Code\Core\GameTimer.h">
      <Filter>Core</Filter>
    </ClInclude>
    <ClInclude Include="Code\Core\Light.h">
      <Filter>Core</Filter>
    </ClInclude>
    <ClInclude Include="Code\Core\Shadow.h">
      <Filter>Core</Filter>
    </ClInclude>
    <ClInclude Include="Code\Core\UploadBuffer.h">
      <Filter>Core</Filter>
    </ClInclude>
    <ClInclude Include="Code\Core\Action.h">
      <Filter>Core</Filter>
    </ClInclude>
    <ClInclude Include="Code\Core\Camera.h">
      <Filter>Core</Filter>
    </ClInclude>
    <ClInclude Include="Code\Core\D3D12App.h">
      <Filter>Core</Filter>
    </ClInclude>
    <ClInclude Include="Code\Core\d3dUtil.h">
      <Filter>Core</Filter>
    </ClInclude>
    <ClInclude Include="Code\Core\d3dx12.h">
      <Filter>Core</Filter>
    </ClInclude>
    <ClInclude Include="Code\Component\CameraController.h">
      <Filter>Component</Filter>
    </ClInclude>
    <ClInclude Include="Code\Component\ComponentManager.h">
      <Filter>Component</Filter>
    </ClInclude>
    <ClInclude Include="Code\Component\IComponent.h">
      <Filter>Component</Filter>
    </ClInclude>
    <ClInclude Include="Code\Component\MeshRenderer.h">
      <Filter>Component</Filter>
    </ClInclude>
    <ClInclude Include="Code\Component\PlayerController.h">
      <Filter>Component</Filter>
    </ClInclude>
    <ClInclude Include="Code\Component\RigidBody.h">
      <Filter>Component</Filter>
    </ClInclude>
    <ClInclude Include="Code\Component\Transform.h">
      <Filter>Component</Filter>
    </ClInclude>
    <ClInclude Include="Code\Component\Collider\BoxCollider.h">
      <Filter>Component\Collider</Filter>
    </ClInclude>
    <ClInclude Include="Code\Component\Collider\TerrainMeshCollider.h">
      <Filter>Component\Collider</Filter>
    </ClInclude>
    <ClInclude Include="Code\pch.h" />
    <ClInclude Include="Code\Resource\Shader\IShader.h">
      <Filter>Resource\Shader</Filter>
    </ClInclude>
    <ClInclude Include="Code\Resource\Shader\ComputeShader.h">
      <Filter>Resource\Shader</Filter>
    </ClInclude>
    <ClInclude Include="Code\Resource\Shader\ParticleShader.h">
      <Filter>Resource\Shader</Filter>
    </ClInclude>
    <ClInclude Include="Code\Component\ParticleGenerator.h">
      <Filter>Component</Filter>
    </ClInclude>
    <ClInclude Include="Code\Core\FrameResource.h">
      <Filter>Core</Filter>
    </ClInclude>
  </ItemGroup>
  <ItemGroup>
    <FxCompile Include="Shaders\color.hlsl">
      <Filter>Shader</Filter>
    </FxCompile>
    <FxCompile Include="Shaders\Common.hlsl">
      <Filter>Shader</Filter>
    </FxCompile>
    <FxCompile Include="Shaders\DownScale.hlsl">
      <Filter>Shader</Filter>
    </FxCompile>
    <FxCompile Include="Shaders\HBlur.hlsl">
      <Filter>Shader</Filter>
    </FxCompile>
    <FxCompile Include="Shaders\HSsaoBlur.hlsl">
      <Filter>Shader</Filter>
    </FxCompile>
    <FxCompile Include="Shaders\PostProcessing.hlsl">
      <Filter>Shader</Filter>
    </FxCompile>
    <FxCompile Include="Shaders\Screen.hlsl">
      <Filter>Shader</Filter>
    </FxCompile>
    <FxCompile Include="Shaders\Shadow.hlsl">
      <Filter>Shader</Filter>
    </FxCompile>
    <FxCompile Include="Shaders\Sky.hlsl">
      <Filter>Shader</Filter>
    </FxCompile>
    <FxCompile Include="Shaders\SSAO.hlsl">
      <Filter>Shader</Filter>
    </FxCompile>
    <FxCompile Include="Shaders\UpScale.hlsl">
      <Filter>Shader</Filter>
    </FxCompile>
    <FxCompile Include="Shaders\VBlur.hlsl">
      <Filter>Shader</Filter>
    </FxCompile>
    <FxCompile Include="Shaders\VSsaoBlur.hlsl">
      <Filter>Shader</Filter>
    </FxCompile>
    <FxCompile Include="Shaders\Bloom.hlsl">
      <Filter>Shader</Filter>
    </FxCompile>
    <FxCompile Include="Shaders\Particle.hlsl">
      <Filter>Shader</Filter>
    </FxCompile>
  </ItemGroup>
</Project>